
Microsoft Visual Studio Solution File, Format Version 12.00
# Visual Studio Version 16
VisualStudioVersion = 16.0.31205.134
MinimumVisualStudioVersion = 10.0.40219.1
Project("{FAE04EC0-301F-11D3-BF4B-00C04F79EFBC}") = "NebulaToDo", "NebulaToDo\NebulaToDo.csproj", "{77FE00D0-11B4-41C7-86AA-D09569546165}"
EndProject
Global
	GlobalSection(SolutionConfigurationPlatforms) = preSolution
		Debug|Any CPU = Debug|Any CPU
		Release|Any CPU = Release|Any CPU
	EndGlobalSection
	GlobalSection(ProjectConfigurationPlatforms) = postSolution
		{77FE00D0-11B4-41C7-86AA-D09569546165}.Debug|Any CPU.ActiveCfg = Debug|Any CPU
		{77FE00D0-11B4-41C7-86AA-D09569546165}.Debug|Any CPU.Build.0 = Debug|Any CPU
		{77FE00D0-11B4-41C7-86AA-D09569546165}.Release|Any CPU.ActiveCfg = Release|Any CPU
		{77FE00D0-11B4-41C7-86AA-D09569546165}.Release|Any CPU.Build.0 = Release|Any CPU
	EndGlobalSection
	GlobalSection(SolutionProperties) = preSolution
		HideSolutionNode = FALSE
	EndGlobalSection
	GlobalSection(ExtensibilityGlobals) = postSolution
		SolutionGuid = {0F159874-0689-4E71-8C94-E1CC3885A9CD}
	EndGlobalSection
EndGlobal
